
Microsoft Visual Studio Solution File, Format Version 12.00
# Visual Studio 14
VisualStudioVersion = 14.0.25123.0
MinimumVisualStudioVersion = 10.0.40219.1
Project("{579D2660-67DA-4469-A44F-1A0F562CE80A}") = "Sitecore.Support.434914", "Sitecore.Support.434914\Sitecore.Support.434914.csproj", "{B5A15068-42FC-4650-A250-CE9D29348608}"
EndProject
Global
	GlobalSection(SolutionConfigurationPlatforms) = preSolution
		Debug|Any CPU = Debug|Any CPU
		Release|Any CPU = Release|Any CPU
	EndGlobalSection
	GlobalSection(ProjectConfigurationPlatforms) = postSolution
		{B5A15068-42FC-4650-A250-CE9D29348608}.Debug|Any CPU.ActiveCfg = Debug|Any CPU
		{B5A15068-42FC-4650-A250-CE9D29348608}.Debug|Any CPU.Build.0 = Debug|Any CPU
		{B5A15068-42FC-4650-A250-CE9D29348608}.Release|Any CPU.ActiveCfg = Release|Any CPU
		{B5A15068-42FC-4650-A250-CE9D29348608}.Release|Any CPU.Build.0 = Release|Any CPU
	EndGlobalSection
	GlobalSection(SolutionProperties) = preSolution
		HideSolutionNode = FALSE
	EndGlobalSection
EndGlobal
